// !$*UTF8*$!
{
	archiveVersion = 1;
	classes = {
	};
	objectVersion = 46;
	objects = {

/* Begin PBXBuildFile section */
		A6AABFF91B0763170046DE16 /* ReflectableEnum.framework in Frameworks */ = {isa = PBXBuildFile; fileRef = A6AABFEE1B0763170046DE16 /* ReflectableEnum.framework */; };
		A6AAC0171B0763220046DE16 /* ReflectableEnum.framework in Frameworks */ = {isa = PBXBuildFile; fileRef = A6AAC00C1B0763210046DE16 /* ReflectableEnum.framework */; };
		A6AAC0251B0763890046DE16 /* ReflectableEnum.h in Headers */ = {isa = PBXBuildFile; fileRef = A6AABFD21B0762F00046DE16 /* ReflectableEnum.h */; settings = {ATTRIBUTES = (Public, ); }; };
		A6AAC0261B07638A0046DE16 /* ReflectableEnum.h in Headers */ = {isa = PBXBuildFile; fileRef = A6AABFD21B0762F00046DE16 /* ReflectableEnum.h */; settings = {ATTRIBUTES = (Public, ); }; };
		A6AAC0271B0763F00046DE16 /* ReflectableEnumTests.m in Sources */ = {isa = PBXBuildFile; fileRef = A6AABFDF1B0762F10046DE16 /* ReflectableEnumTests.m */; };
		A6AAC0281B0763F10046DE16 /* ReflectableEnumTests.m in Sources */ = {isa = PBXBuildFile; fileRef = A6AABFDF1B0762F10046DE16 /* ReflectableEnumTests.m */; };
		A6AAC02A1B0774710046DE16 /* ReflectableEnum.m in Sources */ = {isa = PBXBuildFile; fileRef = A6AAC0291B0774710046DE16 /* ReflectableEnum.m */; };
		A6AAC02B1B0778860046DE16 /* ReflectableEnum.m in Sources */ = {isa = PBXBuildFile; fileRef = A6AAC0291B0774710046DE16 /* ReflectableEnum.m */; };
/* End PBXBuildFile section */

/* Begin PBXContainerItemProxy section */
		A6AABFFA1B0763170046DE16 /* PBXContainerItemProxy */ = {
			isa = PBXContainerItemProxy;
			containerPortal = A6AABFC41B0762F00046DE16 /* Project object */;
			proxyType = 1;
			remoteGlobalIDString = A6AABFED1B0763170046DE16;
			remoteInfo = "ReflectableEnum-iOS";
		};
		A6AAC0181B0763220046DE16 /* PBXContainerItemProxy */ = {
			isa = PBXContainerItemProxy;
			containerPortal = A6AABFC41B0762F00046DE16 /* Project object */;
			proxyType = 1;
			remoteGlobalIDString = A6AAC00B1B0763210046DE16;
			remoteInfo = "ReflectableEnum-Mac";
		};
/* End PBXContainerItemProxy section */

/* Begin PBXFileReference section */
		A6AABFD11B0762F00046DE16 /* Info.plist */ = {isa = PBXFileReference; lastKnownFileType = text.plist.xml; path = Info.plist; sourceTree = "<group>"; };
		A6AABFD21B0762F00046DE16 /* ReflectableEnum.h */ = {isa = PBXFileReference; lastKnownFileType = sourcecode.c.h; path = ReflectableEnum.h; sourceTree = "<group>"; };
		A6AABFDE1B0762F10046DE16 /* Info.plist */ = {isa = PBXFileReference; lastKnownFileType = text.plist.xml; path = Info.plist; sourceTree = "<group>"; };
		A6AABFDF1B0762F10046DE16 /* ReflectableEnumTests.m */ = {isa = PBXFileReference; lastKnownFileType = sourcecode.c.objc; path = ReflectableEnumTests.m; sourceTree = "<group>"; };
		A6AABFEE1B0763170046DE16 /* ReflectableEnum.framework */ = {isa = PBXFileReference; explicitFileType = wrapper.framework; includeInIndex = 0; path = ReflectableEnum.framework; sourceTree = BUILT_PRODUCTS_DIR; };
		A6AABFF81B0763170046DE16 /* ReflectableEnum.xctest */ = {isa = PBXFileReference; explicitFileType = wrapper.cfbundle; includeInIndex = 0; path = ReflectableEnum.xctest; sourceTree = BUILT_PRODUCTS_DIR; };
		A6AAC00C1B0763210046DE16 /* ReflectableEnum.framework */ = {isa = PBXFileReference; explicitFileType = wrapper.framework; includeInIndex = 0; path = ReflectableEnum.framework; sourceTree = BUILT_PRODUCTS_DIR; };
		A6AAC0161B0763220046DE16 /* ReflectableEnum.xctest */ = {isa = PBXFileReference; explicitFileType = wrapper.cfbundle; includeInIndex = 0; path = ReflectableEnum.xctest; sourceTree = BUILT_PRODUCTS_DIR; };
		A6AAC0291B0774710046DE16 /* ReflectableEnum.m */ = {isa = PBXFileReference; fileEncoding = 4; lastKnownFileType = sourcecode.c.objc; path = ReflectableEnum.m; sourceTree = "<group>"; };
/* End PBXFileReference section */

/* Begin PBXFrameworksBuildPhase section */
		A6AABFEA1B0763170046DE16 /* Frameworks */ = {
			isa = PBXFrameworksBuildPhase;
			buildActionMask = 2147483647;
			files = (
			);
			runOnlyForDeploymentPostprocessing = 0;
		};
		A6AABFF51B0763170046DE16 /* Frameworks */ = {
			isa = PBXFrameworksBuildPhase;
			buildActionMask = 2147483647;
			files = (
				A6AABFF91B0763170046DE16 /* ReflectableEnum.framework in Frameworks */,
			);
			runOnlyForDeploymentPostprocessing = 0;
		};
		A6AAC0081B0763210046DE16 /* Frameworks */ = {
			isa = PBXFrameworksBuildPhase;
			buildActionMask = 2147483647;
			files = (
			);
			runOnlyForDeploymentPostprocessing = 0;
		};
		A6AAC0131B0763220046DE16 /* Frameworks */ = {
			isa = PBXFrameworksBuildPhase;
			buildActionMask = 2147483647;
			files = (
				A6AAC0171B0763220046DE16 /* ReflectableEnum.framework in Frameworks */,
			);
			runOnlyForDeploymentPostprocessing = 0;
		};
/* End PBXFrameworksBuildPhase section */

/* Begin PBXGroup section */
		A6AABFC31B0762F00046DE16 = {
			isa = PBXGroup;
			children = (
				A6AABFCF1B0762F00046DE16 /* ReflectableEnum */,
				A6AABFDC1B0762F10046DE16 /* ReflectableEnumTests */,
				A6AABFCE1B0762F00046DE16 /* Products */,
			);
			sourceTree = "<group>";
		};
		A6AABFCE1B0762F00046DE16 /* Products */ = {
			isa = PBXGroup;
			children = (
				A6AABFEE1B0763170046DE16 /* ReflectableEnum.framework */,
				A6AABFF81B0763170046DE16 /* ReflectableEnum.xctest */,
				A6AAC00C1B0763210046DE16 /* ReflectableEnum.framework */,
				A6AAC0161B0763220046DE16 /* ReflectableEnum.xctest */,
			);
			name = Products;
			sourceTree = "<group>";
		};
		A6AABFCF1B0762F00046DE16 /* ReflectableEnum */ = {
			isa = PBXGroup;
			children = (
				A6AABFD21B0762F00046DE16 /* ReflectableEnum.h */,
				A6AAC0291B0774710046DE16 /* ReflectableEnum.m */,
				A6AABFD01B0762F00046DE16 /* Supporting Files */,
			);
			path = ReflectableEnum;
			sourceTree = "<group>";
		};
		A6AABFD01B0762F00046DE16 /* Supporting Files */ = {
			isa = PBXGroup;
			children = (
				A6AABFD11B0762F00046DE16 /* Info.plist */,
			);
			name = "Supporting Files";
			sourceTree = "<group>";
		};
		A6AABFDC1B0762F10046DE16 /* ReflectableEnumTests */ = {
			isa = PBXGroup;
			children = (
				A6AABFDF1B0762F10046DE16 /* ReflectableEnumTests.m */,
				A6AABFDD1B0762F10046DE16 /* Supporting Files */,
			);
			path = ReflectableEnumTests;
			sourceTree = "<group>";
		};
		A6AABFDD1B0762F10046DE16 /* Supporting Files */ = {
			isa = PBXGroup;
			children = (
				A6AABFDE1B0762F10046DE16 /* Info.plist */,
			);
			name = "Supporting Files";
			sourceTree = "<group>";
		};
/* End PBXGroup section */

/* Begin PBXHeadersBuildPhase section */
		A6AABFEB1B0763170046DE16 /* Headers */ = {
			isa = PBXHeadersBuildPhase;
			buildActionMask = 2147483647;
			files = (
				A6AAC0251B0763890046DE16 /* ReflectableEnum.h in Headers */,
			);
			runOnlyForDeploymentPostprocessing = 0;
		};
		A6AAC0091B0763210046DE16 /* Headers */ = {
			isa = PBXHeadersBuildPhase;
			buildActionMask = 2147483647;
			files = (
				A6AAC0261B07638A0046DE16 /* ReflectableEnum.h in Headers */,
			);
			runOnlyForDeploymentPostprocessing = 0;
		};
/* End PBXHeadersBuildPhase section */

/* Begin PBXNativeTarget section */
		A6AABFED1B0763170046DE16 /* ReflectableEnum-iOS */ = {
			isa = PBXNativeTarget;
			buildConfigurationList = A6AAC0011B0763170046DE16 /* Build configuration list for PBXNativeTarget "ReflectableEnum-iOS" */;
			buildPhases = (
				A6AABFE91B0763170046DE16 /* Sources */,
				A6AABFEA1B0763170046DE16 /* Frameworks */,
				A6AABFEB1B0763170046DE16 /* Headers */,
				A6AABFEC1B0763170046DE16 /* Resources */,
			);
			buildRules = (
			);
			dependencies = (
			);
			name = "ReflectableEnum-iOS";
			productName = "ReflectableEnum-iOS";
			productReference = A6AABFEE1B0763170046DE16 /* ReflectableEnum.framework */;
			productType = "com.apple.product-type.framework";
		};
		A6AABFF71B0763170046DE16 /* ReflectableEnum-iOSTests */ = {
			isa = PBXNativeTarget;
			buildConfigurationList = A6AAC0041B0763170046DE16 /* Build configuration list for PBXNativeTarget "ReflectableEnum-iOSTests" */;
			buildPhases = (
				A6AABFF41B0763170046DE16 /* Sources */,
				A6AABFF51B0763170046DE16 /* Frameworks */,
				A6AABFF61B0763170046DE16 /* Resources */,
			);
			buildRules = (
			);
			dependencies = (
				A6AABFFB1B0763170046DE16 /* PBXTargetDependency */,
			);
			name = "ReflectableEnum-iOSTests";
			productName = "ReflectableEnum-iOSTests";
			productReference = A6AABFF81B0763170046DE16 /* ReflectableEnum.xctest */;
			productType = "com.apple.product-type.bundle.unit-test";
		};
		A6AAC00B1B0763210046DE16 /* ReflectableEnum-Mac */ = {
			isa = PBXNativeTarget;
			buildConfigurationList = A6AAC01F1B0763220046DE16 /* Build configuration list for PBXNativeTarget "ReflectableEnum-Mac" */;
			buildPhases = (
				A6AAC0071B0763210046DE16 /* Sources */,
				A6AAC0081B0763210046DE16 /* Frameworks */,
				A6AAC0091B0763210046DE16 /* Headers */,
				A6AAC00A1B0763210046DE16 /* Resources */,
			);
			buildRules = (
			);
			dependencies = (
			);
			name = "ReflectableEnum-Mac";
			productName = "ReflectableEnum-Mac";
			productReference = A6AAC00C1B0763210046DE16 /* ReflectableEnum.framework */;
			productType = "com.apple.product-type.framework";
		};
		A6AAC0151B0763220046DE16 /* ReflectableEnum-MacTests */ = {
			isa = PBXNativeTarget;
			buildConfigurationList = A6AAC0221B0763220046DE16 /* Build configuration list for PBXNativeTarget "ReflectableEnum-MacTests" */;
			buildPhases = (
				A6AAC0121B0763220046DE16 /* Sources */,
				A6AAC0131B0763220046DE16 /* Frameworks */,
				A6AAC0141B0763220046DE16 /* Resources */,
			);
			buildRules = (
			);
			dependencies = (
				A6AAC0191B0763220046DE16 /* PBXTargetDependency */,
			);
			name = "ReflectableEnum-MacTests";
			productName = "ReflectableEnum-MacTests";
			productReference = A6AAC0161B0763220046DE16 /* ReflectableEnum.xctest */;
			productType = "com.apple.product-type.bundle.unit-test";
		};
/* End PBXNativeTarget section */

/* Begin PBXProject section */
		A6AABFC41B0762F00046DE16 /* Project object */ = {
			isa = PBXProject;
			attributes = {
				LastUpgradeCheck = 0630;
				ORGANIZATIONNAME = "Arkadiusz Holko";
				TargetAttributes = {
					A6AABFED1B0763170046DE16 = {
						CreatedOnToolsVersion = 6.3.1;
					};
					A6AABFF71B0763170046DE16 = {
						CreatedOnToolsVersion = 6.3.1;
					};
					A6AAC00B1B0763210046DE16 = {
						CreatedOnToolsVersion = 6.3.1;
					};
					A6AAC0151B0763220046DE16 = {
						CreatedOnToolsVersion = 6.3.1;
					};
				};
			};
			buildConfigurationList = A6AABFC71B0762F00046DE16 /* Build configuration list for PBXProject "ReflectableEnum" */;
			compatibilityVersion = "Xcode 3.2";
			developmentRegion = English;
			hasScannedForEncodings = 0;
			knownRegions = (
				en,
			);
			mainGroup = A6AABFC31B0762F00046DE16;
			productRefGroup = A6AABFCE1B0762F00046DE16 /* Products */;
			projectDirPath = "";
			projectRoot = "";
			targets = (
				A6AABFED1B0763170046DE16 /* ReflectableEnum-iOS */,
				A6AABFF71B0763170046DE16 /* ReflectableEnum-iOSTests */,
				A6AAC00B1B0763210046DE16 /* ReflectableEnum-Mac */,
				A6AAC0151B0763220046DE16 /* ReflectableEnum-MacTests */,
			);
		};
/* End PBXProject section */

/* Begin PBXResourcesBuildPhase section */
		A6AABFEC1B0763170046DE16 /* Resources */ = {
			isa = PBXResourcesBuildPhase;
			buildActionMask = 2147483647;
			files = (
			);
			runOnlyForDeploymentPostprocessing = 0;
		};
		A6AABFF61B0763170046DE16 /* Resources */ = {
			isa = PBXResourcesBuildPhase;
			buildActionMask = 2147483647;
			files = (
			);
			runOnlyForDeploymentPostprocessing = 0;
		};
		A6AAC00A1B0763210046DE16 /* Resources */ = {
			isa = PBXResourcesBuildPhase;
			buildActionMask = 2147483647;
			files = (
			);
			runOnlyForDeploymentPostprocessing = 0;
		};
		A6AAC0141B0763220046DE16 /* Resources */ = {
			isa = PBXResourcesBuildPhase;
			buildActionMask = 2147483647;
			files = (
			);
			runOnlyForDeploymentPostprocessing = 0;
		};
/* End PBXResourcesBuildPhase section */

/* Begin PBXSourcesBuildPhase section */
		A6AABFE91B0763170046DE16 /* Sources */ = {
			isa = PBXSourcesBuildPhase;
			buildActionMask = 2147483647;
			files = (
				A6AAC02A1B0774710046DE16 /* ReflectableEnum.m in Sources */,
			);
			runOnlyForDeploymentPostprocessing = 0;
		};
		A6AABFF41B0763170046DE16 /* Sources */ = {
			isa = PBXSourcesBuildPhase;
			buildActionMask = 2147483647;
			files = (
				A6AAC0271B0763F00046DE16 /* ReflectableEnumTests.m in Sources */,
			);
			runOnlyForDeploymentPostprocessing = 0;
		};
		A6AAC0071B0763210046DE16 /* Sources */ = {
			isa = PBXSourcesBuildPhase;
			buildActionMask = 2147483647;
			files = (
				A6AAC02B1B0778860046DE16 /* ReflectableEnum.m in Sources */,
			);
			runOnlyForDeploymentPostprocessing = 0;
		};
		A6AAC0121B0763220046DE16 /* Sources */ = {
			isa = PBXSourcesBuildPhase;
			buildActionMask = 2147483647;
			files = (
				A6AAC0281B0763F10046DE16 /* ReflectableEnumTests.m in Sources */,
			);
			runOnlyForDeploymentPostprocessing = 0;
		};
/* End PBXSourcesBuildPhase section */

/* Begin PBXTargetDependency section */
		A6AABFFB1B0763170046DE16 /* PBXTargetDependency */ = {
			isa = PBXTargetDependency;
			target = A6AABFED1B0763170046DE16 /* ReflectableEnum-iOS */;
			targetProxy = A6AABFFA1B0763170046DE16 /* PBXContainerItemProxy */;
		};
		A6AAC0191B0763220046DE16 /* PBXTargetDependency */ = {
			isa = PBXTargetDependency;
			target = A6AAC00B1B0763210046DE16 /* ReflectableEnum-Mac */;
			targetProxy = A6AAC0181B0763220046DE16 /* PBXContainerItemProxy */;
		};
/* End PBXTargetDependency section */

/* Begin XCBuildConfiguration section */
		A6AABFE11B0762F10046DE16 /* Debug */ = {
			isa = XCBuildConfiguration;
			buildSettings = {
				ALWAYS_SEARCH_USER_PATHS = NO;
				CLANG_CXX_LANGUAGE_STANDARD = "gnu++0x";
				CLANG_CXX_LIBRARY = "libc++";
				CLANG_ENABLE_MODULES = YES;
				CLANG_ENABLE_OBJC_ARC = YES;
				CLANG_WARN_BOOL_CONVERSION = YES;
				CLANG_WARN_CONSTANT_CONVERSION = YES;
				CLANG_WARN_DIRECT_OBJC_ISA_USAGE = YES_ERROR;
				CLANG_WARN_EMPTY_BODY = YES;
				CLANG_WARN_ENUM_CONVERSION = YES;
				CLANG_WARN_INT_CONVERSION = YES;
				CLANG_WARN_OBJC_ROOT_CLASS = YES_ERROR;
				CLANG_WARN_UNREACHABLE_CODE = YES;
				CLANG_WARN__DUPLICATE_METHOD_MATCH = YES;
				"CODE_SIGN_IDENTITY[sdk=iphoneos*]" = "iPhone Developer";
				COPY_PHASE_STRIP = NO;
				CURRENT_PROJECT_VERSION = 1;
				DEBUG_INFORMATION_FORMAT = "dwarf-with-dsym";
				ENABLE_STRICT_OBJC_MSGSEND = YES;
				GCC_C_LANGUAGE_STANDARD = gnu99;
				GCC_DYNAMIC_NO_PIC = NO;
				GCC_NO_COMMON_BLOCKS = YES;
				GCC_OPTIMIZATION_LEVEL = 0;
				GCC_PREPROCESSOR_DEFINITIONS = (
					"DEBUG=1",
					"$(inherited)",
				);
				GCC_SYMBOLS_PRIVATE_EXTERN = NO;
				GCC_WARN_64_TO_32_BIT_CONVERSION = YES;
				GCC_WARN_ABOUT_RETURN_TYPE = YES_ERROR;
				GCC_WARN_UNDECLARED_SELECTOR = YES;
				GCC_WARN_UNINITIALIZED_AUTOS = YES_AGGRESSIVE;
				GCC_WARN_UNUSED_FUNCTION = YES;
				GCC_WARN_UNUSED_VARIABLE = YES;
				IPHONEOS_DEPLOYMENT_TARGET = 8.3;
				MTL_ENABLE_DEBUG_INFO = YES;
				ONLY_ACTIVE_ARCH = YES;
				SDKROOT = iphoneos;
				TARGETED_DEVICE_FAMILY = "1,2";
				VERSIONING_SYSTEM = "apple-generic";
				VERSION_INFO_PREFIX = "";
			};
			name = Debug;
		};
		A6AABFE21B0762F10046DE16 /* Release */ = {
			isa = XCBuildConfiguration;
			buildSettings = {
				ALWAYS_SEARCH_USER_PATHS = NO;
				CLANG_CXX_LANGUAGE_STANDARD = "gnu++0x";
				CLANG_CXX_LIBRARY = "libc++";
				CLANG_ENABLE_MODULES = YES;
				CLANG_ENABLE_OBJC_ARC = YES;
				CLANG_WARN_BOOL_CONVERSION = YES;
				CLANG_WARN_CONSTANT_CONVERSION = YES;
				CLANG_WARN_DIRECT_OBJC_ISA_USAGE = YES_ERROR;
				CLANG_WARN_EMPTY_BODY = YES;
				CLANG_WARN_ENUM_CONVERSION = YES;
				CLANG_WARN_INT_CONVERSION = YES;
				CLANG_WARN_OBJC_ROOT_CLASS = YES_ERROR;
				CLANG_WARN_UNREACHABLE_CODE = YES;
				CLANG_WARN__DUPLICATE_METHOD_MATCH = YES;
				"CODE_SIGN_IDENTITY[sdk=iphoneos*]" = "iPhone Developer";
				COPY_PHASE_STRIP = NO;
				CURRENT_PROJECT_VERSION = 1;
				DEBUG_INFORMATION_FORMAT = "dwarf-with-dsym";
				ENABLE_NS_ASSERTIONS = NO;
				ENABLE_STRICT_OBJC_MSGSEND = YES;
				GCC_C_LANGUAGE_STANDARD = gnu99;
				GCC_NO_COMMON_BLOCKS = YES;
				GCC_WARN_64_TO_32_BIT_CONVERSION = YES;
				GCC_WARN_ABOUT_RETURN_TYPE = YES_ERROR;
				GCC_WARN_UNDECLARED_SELECTOR = YES;
				GCC_WARN_UNINITIALIZED_AUTOS = YES_AGGRESSIVE;
				GCC_WARN_UNUSED_FUNCTION = YES;
				GCC_WARN_UNUSED_VARIABLE = YES;
				IPHONEOS_DEPLOYMENT_TARGET = 8.3;
				MTL_ENABLE_DEBUG_INFO = NO;
				SDKROOT = iphoneos;
				TARGETED_DEVICE_FAMILY = "1,2";
				VALIDATE_PRODUCT = YES;
				VERSIONING_SYSTEM = "apple-generic";
				VERSION_INFO_PREFIX = "";
			};
			name = Release;
		};
		A6AAC0021B0763170046DE16 /* Debug */ = {
			isa = XCBuildConfiguration;
			buildSettings = {
				DEFINES_MODULE = YES;
				DYLIB_COMPATIBILITY_VERSION = 1;
				DYLIB_CURRENT_VERSION = 1;
				DYLIB_INSTALL_NAME_BASE = "@rpath";
				GCC_PREPROCESSOR_DEFINITIONS = (
					"DEBUG=1",
					"$(inherited)",
				);
				INFOPLIST_FILE = ReflectableEnum/Info.plist;
				INSTALL_PATH = "$(LOCAL_LIBRARY_DIR)/Frameworks";
				LD_RUNPATH_SEARCH_PATHS = "$(inherited) @executable_path/Frameworks @loader_path/Frameworks";
				PRODUCT_NAME = ReflectableEnum;
				SKIP_INSTALL = YES;
			};
			name = Debug;
		};
		A6AAC0031B0763170046DE16 /* Release */ = {
			isa = XCBuildConfiguration;
			buildSettings = {
				DEFINES_MODULE = YES;
				DYLIB_COMPATIBILITY_VERSION = 1;
				DYLIB_CURRENT_VERSION = 1;
				DYLIB_INSTALL_NAME_BASE = "@rpath";
				INFOPLIST_FILE = ReflectableEnum/Info.plist;
				INSTALL_PATH = "$(LOCAL_LIBRARY_DIR)/Frameworks";
				LD_RUNPATH_SEARCH_PATHS = "$(inherited) @executable_path/Frameworks @loader_path/Frameworks";
				PRODUCT_NAME = ReflectableEnum;
				SKIP_INSTALL = YES;
			};
			name = Release;
		};
		A6AAC0051B0763170046DE16 /* Debug */ = {
			isa = XCBuildConfiguration;
			buildSettings = {
				FRAMEWORK_SEARCH_PATHS = (
					"$(SDKROOT)/Developer/Library/Frameworks",
					"$(inherited)",
				);
				GCC_PREPROCESSOR_DEFINITIONS = (
					"DEBUG=1",
					"$(inherited)",
				);
				INFOPLIST_FILE = ReflectableEnum/Info.plist;
				LD_RUNPATH_SEARCH_PATHS = "$(inherited) @executable_path/Frameworks @loader_path/Frameworks";
				PRODUCT_NAME = ReflectableEnum;
			};
			name = Debug;
		};
		A6AAC0061B0763170046DE16 /* Release */ = {
			isa = XCBuildConfiguration;
			buildSettings = {
				FRAMEWORK_SEARCH_PATHS = (
					"$(SDKROOT)/Developer/Library/Frameworks",
					"$(inherited)",
				);
				INFOPLIST_FILE = ReflectableEnum/Info.plist;
				LD_RUNPATH_SEARCH_PATHS = "$(inherited) @executable_path/Frameworks @loader_path/Frameworks";
				PRODUCT_NAME = ReflectableEnum;
			};
			name = Release;
		};
		A6AAC0201B0763220046DE16 /* Debug */ = {
			isa = XCBuildConfiguration;
			buildSettings = {
				COMBINE_HIDPI_IMAGES = YES;
				DEBUG_INFORMATION_FORMAT = dwarf;
				DEFINES_MODULE = YES;
				DYLIB_COMPATIBILITY_VERSION = 1;
				DYLIB_CURRENT_VERSION = 1;
				DYLIB_INSTALL_NAME_BASE = "@rpath";
				FRAMEWORK_VERSION = A;
				GCC_PREPROCESSOR_DEFINITIONS = (
					"DEBUG=1",
					"$(inherited)",
				);
				INFOPLIST_FILE = ReflectableEnum/Info.plist;
				INSTALL_PATH = "$(LOCAL_LIBRARY_DIR)/Frameworks";
				LD_RUNPATH_SEARCH_PATHS = "$(inherited) @executable_path/../Frameworks @loader_path/Frameworks";
				MACOSX_DEPLOYMENT_TARGET = 10.10;
				PRODUCT_NAME = ReflectableEnum;
				SDKROOT = macosx;
				SKIP_INSTALL = YES;
			};
			name = Debug;
		};
		A6AAC0211B0763220046DE16 /* Release */ = {
			isa = XCBuildConfiguration;
			buildSettings = {
				COMBINE_HIDPI_IMAGES = YES;
				DEFINES_MODULE = YES;
				DYLIB_COMPATIBILITY_VERSION = 1;
				DYLIB_CURRENT_VERSION = 1;
				DYLIB_INSTALL_NAME_BASE = "@rpath";
				FRAMEWORK_VERSION = A;
				INFOPLIST_FILE = ReflectableEnum/Info.plist;
				INSTALL_PATH = "$(LOCAL_LIBRARY_DIR)/Frameworks";
				LD_RUNPATH_SEARCH_PATHS = "$(inherited) @executable_path/../Frameworks @loader_path/Frameworks";
				MACOSX_DEPLOYMENT_TARGET = 10.10;
				PRODUCT_NAME = ReflectableEnum;
				SDKROOT = macosx;
				SKIP_INSTALL = YES;
			};
			name = Release;
		};
		A6AAC0231B0763220046DE16 /* Debug */ = {
			isa = XCBuildConfiguration;
			buildSettings = {
				COMBINE_HIDPI_IMAGES = YES;
				DEBUG_INFORMATION_FORMAT = dwarf;
				FRAMEWORK_SEARCH_PATHS = (
					"$(DEVELOPER_FRAMEWORKS_DIR)",
					"$(inherited)",
				);
				GCC_PREPROCESSOR_DEFINITIONS = (
					"DEBUG=1",
					"$(inherited)",
				);
				INFOPLIST_FILE = ReflectableEnum/Info.plist;
				LD_RUNPATH_SEARCH_PATHS = "$(inherited) @executable_path/../Frameworks @loader_path/../Frameworks";
				MACOSX_DEPLOYMENT_TARGET = 10.10;
				PRODUCT_NAME = ReflectableEnum;
				SDKROOT = macosx;
			};
			name = Debug;
		};
		A6AAC0241B0763220046DE16 /* Release */ = {
			isa = XCBuildConfiguration;
			buildSettings = {
				COMBINE_HIDPI_IMAGES = YES;
				FRAMEWORK_SEARCH_PATHS = (
					"$(DEVELOPER_FRAMEWORKS_DIR)",
					"$(inherited)",
				);
				INFOPLIST_FILE = ReflectableEnum/Info.plist;
				LD_RUNPATH_SEARCH_PATHS = "$(inherited) @executable_path/../Frameworks @loader_path/../Frameworks";
				MACOSX_DEPLOYMENT_TARGET = 10.10;
				PRODUCT_NAME = ReflectableEnum;
				SDKROOT = macosx;
			};
			name = Release;
		};
/* End XCBuildConfiguration section */

/* Begin XCConfigurationList section */
		A6AABFC71B0762F00046DE16 /* Build configuration list for PBXProject "ReflectableEnum" */ = {
			isa = XCConfigurationList;
			buildConfigurations = (
				A6AABFE11B0762F10046DE16 /* Debug */,
				A6AABFE21B0762F10046DE16 /* Release */,
			);
			defaultConfigurationIsVisible = 0;
			defaultConfigurationName = Release;
		};
		A6AAC0011B0763170046DE16 /* Build configuration list for PBXNativeTarget "ReflectableEnum-iOS" */ = {
			isa = XCConfigurationList;
			buildConfigurations = (
				A6AAC0021B0763170046DE16 /* Debug */,
				A6AAC0031B0763170046DE16 /* Release */,
			);
			defaultConfigurationIsVisible = 0;
		};
		A6AAC0041B0763170046DE16 /* Build configuration list for PBXNativeTarget "ReflectableEnum-iOSTests" */ = {
			isa = XCConfigurationList;
			buildConfigurations = (
				A6AAC0051B0763170046DE16 /* Debug */,
				A6AAC0061B0763170046DE16 /* Release */,
			);
			defaultConfigurationIsVisible = 0;
		};
		A6AAC01F1B0763220046DE16 /* Build configuration list for PBXNativeTarget "ReflectableEnum-Mac" */ = {
			isa = XCConfigurationList;
			buildConfigurations = (
				A6AAC0201B0763220046DE16 /* Debug */,
				A6AAC0211B0763220046DE16 /* Release */,
			);
			defaultConfigurationIsVisible = 0;
		};
		A6AAC0221B0763220046DE16 /* Build configuration list for PBXNativeTarget "ReflectableEnum-MacTests" */ = {
			isa = XCConfigurationList;
			buildConfigurations = (
				A6AAC0231B0763220046DE16 /* Debug */,
				A6AAC0241B0763220046DE16 /* Release */,
			);
			defaultConfigurationIsVisible = 0;
		};
/* End XCConfigurationList section */
	};
	rootObject = A6AABFC41B0762F00046DE16 /* Project object */;
}
